// !$*UTF8*$!
{
	archiveVersion = 1;
	classes = {
	};
	objectVersion = 46;
	objects = {

/* Begin PBXBuildFile section */
		2C0707B51EA3340B00602EDF /* AppDelegate.swift in Sources */ = {isa = PBXBuildFile; fileRef = 2C0707B41EA3340B00602EDF /* AppDelegate.swift */; };
		2C0707B71EA3340B00602EDF /* ViewController.swift in Sources */ = {isa = PBXBuildFile; fileRef = 2C0707B61EA3340B00602EDF /* ViewController.swift */; };
		2C0707BA1EA3340B00602EDF /* Main.storyboard in Resources */ = {isa = PBXBuildFile; fileRef = 2C0707B81EA3340B00602EDF /* Main.storyboard */; };
		2C0707BC1EA3340B00602EDF /* Assets.xcassets in Resources */ = {isa = PBXBuildFile; fileRef = 2C0707BB1EA3340B00602EDF /* Assets.xcassets */; };
		2C0707BF1EA3340B00602EDF /* LaunchScreen.storyboard in Resources */ = {isa = PBXBuildFile; fileRef = 2C0707BD1EA3340B00602EDF /* LaunchScreen.storyboard */; };
		2C0707C71EA336FE00602EDF /* APODDataCenter.swift in Sources */ = {isa = PBXBuildFile; fileRef = 2C0707C61EA336FE00602EDF /* APODDataCenter.swift */; };
		2C0707C91EA34CB600602EDF /* APODListController.swift in Sources */ = {isa = PBXBuildFile; fileRef = 2C0707C81EA34CB600602EDF /* APODListController.swift */; };
/* End PBXBuildFile section */

/* Begin PBXFileReference section */
		2C0707B11EA3340B00602EDF /* APODBrowser.app */ = {isa = PBXFileReference; explicitFileType = wrapper.application; includeInIndex = 0; path = APODBrowser.app; sourceTree = BUILT_PRODUCTS_DIR; };
		2C0707B41EA3340B00602EDF /* AppDelegate.swift */ = {isa = PBXFileReference; lastKnownFileType = sourcecode.swift; path = AppDelegate.swift; sourceTree = "<group>"; };
		2C0707B61EA3340B00602EDF /* ViewController.swift */ = {isa = PBXFileReference; lastKnownFileType = sourcecode.swift; path = ViewController.swift; sourceTree = "<group>"; };
		2C0707B91EA3340B00602EDF /* Base */ = {isa = PBXFileReference; lastKnownFileType = file.storyboard; name = Base; path = Base.lproj/Main.storyboard; sourceTree = "<group>"; };
		2C0707BB1EA3340B00602EDF /* Assets.xcassets */ = {isa = PBXFileReference; lastKnownFileType = folder.assetcatalog; path = Assets.xcassets; sourceTree = "<group>"; };
		2C0707BE1EA3340B00602EDF /* Base */ = {isa = PBXFileReference; lastKnownFileType = file.storyboard; name = Base; path = Base.lproj/LaunchScreen.storyboard; sourceTree = "<group>"; };
		2C0707C01EA3340B00602EDF /* Info.plist */ = {isa = PBXFileReference; lastKnownFileType = text.plist.xml; path = Info.plist; sourceTree = "<group>"; };
		2C0707C61EA336FE00602EDF /* APODDataCenter.swift */ = {isa = PBXFileReference; fileEncoding = 4; lastKnownFileType = sourcecode.swift; path = APODDataCenter.swift; sourceTree = "<group>"; };
		2C0707C81EA34CB600602EDF /* APODListController.swift */ = {isa = PBXFileReference; fileEncoding = 4; lastKnownFileType = sourcecode.swift; path = APODListController.swift; sourceTree = "<group>"; };
/* End PBXFileReference section */

/* Begin PBXFrameworksBuildPhase section */
		2C0707AE1EA3340B00602EDF /* Frameworks */ = {
			isa = PBXFrameworksBuildPhase;
			buildActionMask = 2147483647;
			files = (
			);
			runOnlyForDeploymentPostprocessing = 0;
		};
/* End PBXFrameworksBuildPhase section */

/* Begin PBXGroup section */
		2C0707A81EA3340B00602EDF = {
			isa = PBXGroup;
			children = (
				2C0707B31EA3340B00602EDF /* APODBrowser */,
				2C0707B21EA3340B00602EDF /* Products */,
			);
			sourceTree = "<group>";
		};
		2C0707B21EA3340B00602EDF /* Products */ = {
			isa = PBXGroup;
			children = (
				2C0707B11EA3340B00602EDF /* APODBrowser.app */,
			);
			name = Products;
			sourceTree = "<group>";
		};
		2C0707B31EA3340B00602EDF /* APODBrowser */ = {
			isa = PBXGroup;
			children = (
				2C0707B41EA3340B00602EDF /* AppDelegate.swift */,
				2C0707C61EA336FE00602EDF /* APODDataCenter.swift */,
				2C0707C81EA34CB600602EDF /* APODListController.swift */,
				2C0707B61EA3340B00602EDF /* ViewController.swift */,
				2C0707B81EA3340B00602EDF /* Main.storyboard */,
				2C0707BB1EA3340B00602EDF /* Assets.xcassets */,
				2C0707BD1EA3340B00602EDF /* LaunchScreen.storyboard */,
				2C0707C01EA3340B00602EDF /* Info.plist */,
			);
			path = APODBrowser;
			sourceTree = "<group>";
		};
/* End PBXGroup section */

/* Begin PBXNativeTarget section */
		2C0707B01EA3340B00602EDF /* APODBrowser */ = {
			isa = PBXNativeTarget;
			buildConfigurationList = 2C0707C31EA3340B00602EDF /* Build configuration list for PBXNativeTarget "APODBrowser" */;
			buildPhases = (
				2C0707AD1EA3340B00602EDF /* Sources */,
				2C0707AE1EA3340B00602EDF /* Frameworks */,
				2C0707AF1EA3340B00602EDF /* Resources */,
			);
			buildRules = (
			);
			dependencies = (
			);
			name = APODBrowser;
			productName = APODBrowser;
			productReference = 2C0707B11EA3340B00602EDF /* APODBrowser.app */;
			productType = "com.apple.product-type.application";
		};
/* End PBXNativeTarget section */

/* Begin PBXProject section */
		2C0707A91EA3340B00602EDF /* Project object */ = {
			isa = PBXProject;
			attributes = {
				LastSwiftUpdateCheck = 0820;
				LastUpgradeCheck = 0820;
				ORGANIZATIONNAME = CodersHigh;
				TargetAttributes = {
					2C0707B01EA3340B00602EDF = {
						CreatedOnToolsVersion = 8.2.1;
						DevelopmentTeam = 4QG3GC35LA;
						ProvisioningStyle = Automatic;
					};
				};
			};
			buildConfigurationList = 2C0707AC1EA3340B00602EDF /* Build configuration list for PBXProject "APODBrowser" */;
			compatibilityVersion = "Xcode 3.2";
			developmentRegion = English;
			hasScannedForEncodings = 0;
			knownRegions = (
				en,
				Base,
			);
			mainGroup = 2C0707A81EA3340B00602EDF;
			productRefGroup = 2C0707B21EA3340B00602EDF /* Products */;
			projectDirPath = "";
			projectRoot = "";
			targets = (
				2C0707B01EA3340B00602EDF /* APODBrowser */,
			);
		};
/* End PBXProject section */

/* Begin PBXResourcesBuildPhase section */
		2C0707AF1EA3340B00602EDF /* Resources */ = {
			isa = PBXResourcesBuildPhase;
			buildActionMask = 2147483647;
			files = (
				2C0707BF1EA3340B00602EDF /* LaunchScreen.storyboard in Resources */,
				2C0707BC1EA3340B00602EDF /* Assets.xcassets in Resources */,
				2C0707BA1EA3340B00602EDF /* Main.storyboard in Resources */,
			);
			runOnlyForDeploymentPostprocessing = 0;
		};
/* End PBXResourcesBuildPhase section */

/* Begin PBXSourcesBuildPhase section */
		2C0707AD1EA3340B00602EDF /* Sources */ = {
			isa = PBXSourcesBuildPhase;
			buildActionMask = 2147483647;
			files = (
				2C0707C71EA336FE00602EDF /* APODDataCenter.swift in Sources */,
				2C0707B71EA3340B00602EDF /* ViewController.swift in Sources */,
				2C0707B51EA3340B00602EDF /* AppDelegate.swift in Sources */,
				2C0707C91EA34CB600602EDF /* APODListController.swift in Sources */,
			);
			runOnlyForDeploymentPostprocessing = 0;
		};
/* End PBXSourcesBuildPhase section */

/* Begin PBXVariantGroup section */
		2C0707B81EA3340B00602EDF /* Main.storyboard */ = {
			isa = PBXVariantGroup;
			children = (
				2C0707B91EA3340B00602EDF /* Base */,
			);
			name = Main.storyboard;
			sourceTree = "<group>";
		};
		2C0707BD1EA3340B00602EDF /* LaunchScreen.storyboard */ = {
			isa = PBXVariantGroup;
			children = (
				2C0707BE1EA3340B00602EDF /* Base */,
			);
			name = LaunchScreen.storyboard;
			sourceTree = "<group>";
		};
/* End PBXVariantGroup section */

/* Begin XCBuildConfiguration section */
		2C0707C11EA3340B00602EDF /* Debug */ = {
			isa = XCBuildConfiguration;
			buildSettings = {
				ALWAYS_SEARCH_USER_PATHS = NO;
				CLANG_ANALYZER_NONNULL = YES;
				CLANG_CXX_LANGUAGE_STANDARD = "gnu++0x";
				CLANG_CXX_LIBRARY = "libc++";
				CLANG_ENABLE_MODULES = YES;
				CLANG_ENABLE_OBJC_ARC = YES;
				CLANG_WARN_BOOL_CONVERSION = YES;
				CLANG_WARN_CONSTANT_CONVERSION = YES;
				CLANG_WARN_DIRECT_OBJC_ISA_USAGE = YES_ERROR;
				CLANG_WARN_DOCUMENTATION_COMMENTS = YES;
				CLANG_WARN_EMPTY_BODY = YES;
				CLANG_WARN_ENUM_CONVERSION = YES;
				CLANG_WARN_INFINITE_RECURSION = YES;
				CLANG_WARN_INT_CONVERSION = YES;
				CLANG_WARN_OBJC_ROOT_CLASS = YES_ERROR;
				CLANG_WARN_SUSPICIOUS_MOVE = YES;
				CLANG_WARN_UNREACHABLE_CODE = YES;
				CLANG_WARN__DUPLICATE_METHOD_MATCH = YES;
				"CODE_SIGN_IDENTITY[sdk=iphoneos*]" = "iPhone Developer";
				COPY_PHASE_STRIP = NO;
				DEBUG_INFORMATION_FORMAT = dwarf;
				ENABLE_STRICT_OBJC_MSGSEND = YES;
				ENABLE_TESTABILITY = YES;
				GCC_C_LANGUAGE_STANDARD = gnu99;
				GCC_DYNAMIC_NO_PIC = NO;
				GCC_NO_COMMON_BLOCKS = YES;
				GCC_OPTIMIZATION_LEVEL = 0;
				GCC_PREPROCESSOR_DEFINITIONS = (
					"DEBUG=1",
					"$(inherited)",
				);
				GCC_WARN_64_TO_32_BIT_CONVERSION = YES;
				GCC_WARN_ABOUT_RETURN_TYPE = YES_ERROR;
				GCC_WARN_UNDECLARED_SELECTOR = YES;
				GCC_WARN_UNINITIALIZED_AUTOS = YES_AGGRESSIVE;
				GCC_WARN_UNUSED_FUNCTION = YES;
				GCC_WARN_UNUSED_VARIABLE = YES;
				IPHONEOS_DEPLOYMENT_TARGET = 10.2;
				MTL_ENABLE_DEBUG_INFO = YES;
				ONLY_ACTIVE_ARCH = YES;
				SDKROOT = iphoneos;
				SWIFT_ACTIVE_COMPILATION_CONDITIONS = DEBUG;
				SWIFT_OPTIMIZATION_LEVEL = "-Onone";
				TARGETED_DEVICE_FAMILY = "1,2";
			};
			name = Debug;
		};
		2C0707C21EA3340B00602EDF /* Release */ = {
			isa = XCBuildConfiguration;
			buildSettings = {
				ALWAYS_SEARCH_USER_PATHS = NO;
				CLANG_ANALYZER_NONNULL = YES;
				CLANG_CXX_LANGUAGE_STANDARD = "gnu++0x";
				CLANG_CXX_LIBRARY = "libc++";
				CLANG_ENABLE_MODULES = YES;
				CLANG_ENABLE_OBJC_ARC = YES;
				CLANG_WARN_BOOL_CONVERSION = YES;
				CLANG_WARN_CONSTANT_CONVERSION = YES;
				CLANG_WARN_DIRECT_OBJC_ISA_USAGE = YES_ERROR;
				CLANG_WARN_DOCUMENTATION_COMMENTS = YES;
				CLANG_WARN_EMPTY_BODY = YES;
				CLANG_WARN_ENUM_CONVERSION = YES;
				CLANG_WARN_INFINITE_RECURSION = YES;
				CLANG_WARN_INT_CONVERSION = YES;
				CLANG_WARN_OBJC_ROOT_CLASS = YES_ERROR;
				CLANG_WARN_SUSPICIOUS_MOVE = YES;
				CLANG_WARN_UNREACHABLE_CODE = YES;
				CLANG_WARN__DUPLICATE_METHOD_MATCH = YES;
				"CODE_SIGN_IDENTITY[sdk=iphoneos*]" = "iPhone Developer";
				COPY_PHASE_STRIP = NO;
				DEBUG_INFORMATION_FORMAT = "dwarf-with-dsym";
				ENABLE_NS_ASSERTIONS = NO;
				ENABLE_STRICT_OBJC_MSGSEND = YES;
				GCC_C_LANGUAGE_STANDARD = gnu99;
				GCC_NO_COMMON_BLOCKS = YES;
				GCC_WARN_64_TO_32_BIT_CONVERSION = YES;
				GCC_WARN_ABOUT_RETURN_TYPE = YES_ERROR;
				GCC_WARN_UNDECLARED_SELECTOR = YES;
				GCC_WARN_UNINITIALIZED_AUTOS = YES_AGGRESSIVE;
				GCC_WARN_UNUSED_FUNCTION = YES;
				GCC_WARN_UNUSED_VARIABLE = YES;
				IPHONEOS_DEPLOYMENT_TARGET = 10.2;
				MTL_ENABLE_DEBUG_INFO = NO;
				SDKROOT = iphoneos;
				SWIFT_OPTIMIZATION_LEVEL = "-Owholemodule";
				TARGETED_DEVICE_FAMILY = "1,2";
				VALIDATE_PRODUCT = YES;
			};
			name = Release;
		};
		2C0707C41EA3340B00602EDF /* Debug */ = {
			isa = XCBuildConfiguration;
			buildSettings = {
				ASSETCATALOG_COMPILER_APPICON_NAME = AppIcon;
				DEVELOPMENT_TEAM = 4QG3GC35LA;
				INFOPLIST_FILE = APODBrowser/Info.plist;
				LD_RUNPATH_SEARCH_PATHS = "$(inherited) @executable_path/Frameworks";
				PRODUCT_BUNDLE_IDENTIFIER = com.codershigh.APODBrowser;
				PRODUCT_NAME = "$(TARGET_NAME)";
				SWIFT_VERSION = 3.0;
			};
			name = Debug;
		};
		2C0707C51EA3340B00602EDF /* Release */ = {
			isa = XCBuildConfiguration;
			buildSettings = {
				ASSETCATALOG_COMPILER_APPICON_NAME = AppIcon;
				DEVELOPMENT_TEAM = 4QG3GC35LA;
				INFOPLIST_FILE = APODBrowser/Info.plist;
				LD_RUNPATH_SEARCH_PATHS = "$(inherited) @executable_path/Frameworks";
				PRODUCT_BUNDLE_IDENTIFIER = com.codershigh.APODBrowser;
				PRODUCT_NAME = "$(TARGET_NAME)";
				SWIFT_VERSION = 3.0;
			};
			name = Release;
		};
/* End XCBuildConfiguration section */

/* Begin XCConfigurationList section */
		2C0707AC1EA3340B00602EDF /* Build configuration list for PBXProject "APODBrowser" */ = {
			isa = XCConfigurationList;
			buildConfigurations = (
				2C0707C11EA3340B00602EDF /* Debug */,
				2C0707C21EA3340B00602EDF /* Release */,
			);
			defaultConfigurationIsVisible = 0;
			defaultConfigurationName = Release;
		};
		2C0707C31EA3340B00602EDF /* Build configuration list for PBXNativeTarget "APODBrowser" */ = {
			isa = XCConfigurationList;
			buildConfigurations = (
				2C0707C41EA3340B00602EDF /* Debug */,
				2C0707C51EA3340B00602EDF /* Release */,
			);
			defaultConfigurationIsVisible = 0;
			defaultConfigurationName = Release;
		};
/* End XCConfigurationList section */
	};
	rootObject = 2C0707A91EA3340B00602EDF /* Project object */;
}
